# THIS IS AN AUTOGENERATED FILE. DO NOT EDIT THIS FILE DIRECTLY.
# yarn lockfile v1


estree-walker@^0.5.0:
  version "0.5.0"
  resolved "https://registry.yarnpkg.com/estree-walker/-/estree-walker-0.5.0.tgz#aae3b57c42deb8010e349c892462f0e71c5dd1aa"

flow-bin@^0.50.0:
  version "0.50.0"
  resolved "https://registry.yarnpkg.com/flow-bin/-/flow-bin-0.50.0.tgz#d4cdb2430dee1a3599f0eb6fe551146e3027256a"

flow-parser@^0.50.0:
  version "0.50.0"
  resolved "https://registry.yarnpkg.com/flow-parser/-/flow-parser-0.50.0.tgz#ccc8bf80490974c631988b49e30856956b4c9e88"
